// !$*UTF8*$!
{
	archiveVersion = 1;
	classes = {
	};
	objectVersion = 50;
	objects = {

/* Begin PBXBuildFile section */
		A2FF675812E98093EBBC618B /* Pods_StarSteadyLANSettingLabs.framework in Frameworks */ = {isa = PBXBuildFile; fileRef = 377A817F40B5780F702F8EAF /* Pods_StarSteadyLANSettingLabs.framework */; };
		EF823A982417662500170AF4 /* AppDelegate.swift in Sources */ = {isa = PBXBuildFile; fileRef = EF823A972417662500170AF4 /* AppDelegate.swift */; };
		EF823A9A2417662500170AF4 /* ViewController.swift in Sources */ = {isa = PBXBuildFile; fileRef = EF823A992417662500170AF4 /* ViewController.swift */; };
		EF823A9D2417662500170AF4 /* Main.storyboard in Resources */ = {isa = PBXBuildFile; fileRef = EF823A9B2417662500170AF4 /* Main.storyboard */; };
		EF823A9F2417662600170AF4 /* Assets.xcassets in Resources */ = {isa = PBXBuildFile; fileRef = EF823A9E2417662600170AF4 /* Assets.xcassets */; };
		EF823AA22417662600170AF4 /* LaunchScreen.storyboard in Resources */ = {isa = PBXBuildFile; fileRef = EF823AA02417662600170AF4 /* LaunchScreen.storyboard */; };
		EF823AAB241767DA00170AF4 /* Communication.swift in Sources */ = {isa = PBXBuildFile; fileRef = EF823AAA241767DA00170AF4 /* Communication.swift */; };
		EF823AAD241767EC00170AF4 /* CommunicationResult.swift in Sources */ = {isa = PBXBuildFile; fileRef = EF823AAC241767EC00170AF4 /* CommunicationResult.swift */; };
/* End PBXBuildFile section */

/* Begin PBXFileReference section */
		25F6679FAC76DEC9172038DF /* Pods-StarSteadyLANSettingLabs.debug.xcconfig */ = {isa = PBXFileReference; includeInIndex = 1; lastKnownFileType = text.xcconfig; name = "Pods-StarSteadyLANSettingLabs.debug.xcconfig"; path = "Target Support Files/Pods-StarSteadyLANSettingLabs/Pods-StarSteadyLANSettingLabs.debug.xcconfig"; sourceTree = "<group>"; };
		377A817F40B5780F702F8EAF /* Pods_StarSteadyLANSettingLabs.framework */ = {isa = PBXFileReference; explicitFileType = wrapper.framework; includeInIndex = 0; path = Pods_StarSteadyLANSettingLabs.framework; sourceTree = BUILT_PRODUCTS_DIR; };
		7541943AEAC0E94057065DD3 /* Pods-StarSteadyLANSettingLabs.release.xcconfig */ = {isa = PBXFileReference; includeInIndex = 1; lastKnownFileType = text.xcconfig; name = "Pods-StarSteadyLANSettingLabs.release.xcconfig"; path = "Target Support Files/Pods-StarSteadyLANSettingLabs/Pods-StarSteadyLANSettingLabs.release.xcconfig"; sourceTree = "<group>"; };
		EF823A942417662500170AF4 /* StarSteadyLANSettingLabs.app */ = {isa = PBXFileReference; explicitFileType = wrapper.application; includeInIndex = 0; path = StarSteadyLANSettingLabs.app; sourceTree = BUILT_PRODUCTS_DIR; };
		EF823A972417662500170AF4 /* AppDelegate.swift */ = {isa = PBXFileReference; lastKnownFileType = sourcecode.swift; path = AppDelegate.swift; sourceTree = "<group>"; };
		EF823A992417662500170AF4 /* ViewController.swift */ = {isa = PBXFileReference; lastKnownFileType = sourcecode.swift; path = ViewController.swift; sourceTree = "<group>"; };
		EF823A9C2417662500170AF4 /* Base */ = {isa = PBXFileReference; lastKnownFileType = file.storyboard; name = Base; path = Base.lproj/Main.storyboard; sourceTree = "<group>"; };
		EF823A9E2417662600170AF4 /* Assets.xcassets */ = {isa = PBXFileReference; lastKnownFileType = folder.assetcatalog; path = Assets.xcassets; sourceTree = "<group>"; };
		EF823AA12417662600170AF4 /* Base */ = {isa = PBXFileReference; lastKnownFileType = file.storyboard; name = Base; path = Base.lproj/LaunchScreen.storyboard; sourceTree = "<group>"; };
		EF823AA32417662600170AF4 /* Info.plist */ = {isa = PBXFileReference; lastKnownFileType = text.plist.xml; path = Info.plist; sourceTree = "<group>"; };
		EF823AA92417674200170AF4 /* StarIO-Bridging-Header.h */ = {isa = PBXFileReference; lastKnownFileType = sourcecode.c.h; path = "StarIO-Bridging-Header.h"; sourceTree = "<group>"; };
		EF823AAA241767DA00170AF4 /* Communication.swift */ = {isa = PBXFileReference; lastKnownFileType = sourcecode.swift; path = Communication.swift; sourceTree = "<group>"; };
		EF823AAC241767EC00170AF4 /* CommunicationResult.swift */ = {isa = PBXFileReference; lastKnownFileType = sourcecode.swift; path = CommunicationResult.swift; sourceTree = "<group>"; };
/* End PBXFileReference section */

/* Begin PBXFrameworksBuildPhase section */
		EF823A912417662500170AF4 /* Frameworks */ = {
			isa = PBXFrameworksBuildPhase;
			buildActionMask = 2147483647;
			files = (
				A2FF675812E98093EBBC618B /* Pods_StarSteadyLANSettingLabs.framework in Frameworks */,
			);
			runOnlyForDeploymentPostprocessing = 0;
		};
/* End PBXFrameworksBuildPhase section */

/* Begin PBXGroup section */
		A3A227D222962404BAC0F1D6 /* Pods */ = {
			isa = PBXGroup;
			children = (
				25F6679FAC76DEC9172038DF /* Pods-StarSteadyLANSettingLabs.debug.xcconfig */,
				7541943AEAC0E94057065DD3 /* Pods-StarSteadyLANSettingLabs.release.xcconfig */,
			);
			path = Pods;
			sourceTree = "<group>";
		};
		B173D188B84BC1A5D986CD82 /* Frameworks */ = {
			isa = PBXGroup;
			children = (
				377A817F40B5780F702F8EAF /* Pods_StarSteadyLANSettingLabs.framework */,
			);
			name = Frameworks;
			sourceTree = "<group>";
		};
		EF823A8B2417662500170AF4 = {
			isa = PBXGroup;
			children = (
				EF823A962417662500170AF4 /* StarSteadyLANSettingLabs */,
				EF823A952417662500170AF4 /* Products */,
				A3A227D222962404BAC0F1D6 /* Pods */,
				B173D188B84BC1A5D986CD82 /* Frameworks */,
			);
			sourceTree = "<group>";
		};
		EF823A952417662500170AF4 /* Products */ = {
			isa = PBXGroup;
			children = (
				EF823A942417662500170AF4 /* StarSteadyLANSettingLabs.app */,
			);
			name = Products;
			sourceTree = "<group>";
		};
		EF823A962417662500170AF4 /* StarSteadyLANSettingLabs */ = {
			isa = PBXGroup;
			children = (
				EF823A972417662500170AF4 /* AppDelegate.swift */,
				EF823A992417662500170AF4 /* ViewController.swift */,
				EF823A9B2417662500170AF4 /* Main.storyboard */,
				EF823A9E2417662600170AF4 /* Assets.xcassets */,
				EF823AA02417662600170AF4 /* LaunchScreen.storyboard */,
				EF823AA32417662600170AF4 /* Info.plist */,
				EF823AA92417674200170AF4 /* StarIO-Bridging-Header.h */,
				EF823AAA241767DA00170AF4 /* Communication.swift */,
				EF823AAC241767EC00170AF4 /* CommunicationResult.swift */,
			);
			path = StarSteadyLANSettingLabs;
			sourceTree = "<group>";
		};
/* End PBXGroup section */

/* Begin PBXNativeTarget section */
		EF823A932417662500170AF4 /* StarSteadyLANSettingLabs */ = {
			isa = PBXNativeTarget;
			buildConfigurationList = EF823AA62417662600170AF4 /* Build configuration list for PBXNativeTarget "StarSteadyLANSettingLabs" */;
			buildPhases = (
				A3804C5AB130B9F0D80359A8 /* [CP] Check Pods Manifest.lock */,
				EF823A902417662500170AF4 /* Sources */,
				EF823A912417662500170AF4 /* Frameworks */,
				EF823A922417662500170AF4 /* Resources */,
			);
			buildRules = (
			);
			dependencies = (
			);
			name = StarSteadyLANSettingLabs;
			productName = StarSteadyLANSetting;
			productReference = EF823A942417662500170AF4 /* StarSteadyLANSettingLabs.app */;
			productType = "com.apple.product-type.application";
		};
/* End PBXNativeTarget section */

/* Begin PBXProject section */
		EF823A8C2417662500170AF4 /* Project object */ = {
			isa = PBXProject;
			attributes = {
				LastSwiftUpdateCheck = 1000;
				LastUpgradeCheck = 1000;
				ORGANIZATIONNAME = "StarMicronics Co., Ltd.";
				TargetAttributes = {
					EF823A932417662500170AF4 = {
						CreatedOnToolsVersion = 10.0;
					};
				};
			};
			buildConfigurationList = EF823A8F2417662500170AF4 /* Build configuration list for PBXProject "StarSteadyLANSettingLabs" */;
			compatibilityVersion = "Xcode 9.3";
			developmentRegion = en;
			hasScannedForEncodings = 0;
			knownRegions = (
				en,
				Base,
			);
			mainGroup = EF823A8B2417662500170AF4;
			productRefGroup = EF823A952417662500170AF4 /* Products */;
			projectDirPath = "";
			projectRoot = "";
			targets = (
				EF823A932417662500170AF4 /* StarSteadyLANSettingLabs */,
			);
		};
/* End PBXProject section */

/* Begin PBXResourcesBuildPhase section */
		EF823A922417662500170AF4 /* Resources */ = {
			isa = PBXResourcesBuildPhase;
			buildActionMask = 2147483647;
			files = (
				EF823AA22417662600170AF4 /* LaunchScreen.storyboard in Resources */,
				EF823A9F2417662600170AF4 /* Assets.xcassets in Resources */,
				EF823A9D2417662500170AF4 /* Main.storyboard in Resources */,
			);
			runOnlyForDeploymentPostprocessing = 0;
		};
/* End PBXResourcesBuildPhase section */

/* Begin PBXShellScriptBuildPhase section */
		A3804C5AB130B9F0D80359A8 /* [CP] Check Pods Manifest.lock */ = {
			isa = PBXShellScriptBuildPhase;
			buildActionMask = 2147483647;
			files = (
			);
			inputFileListPaths = (
			);
			inputPaths = (
				"${PODS_PODFILE_DIR_PATH}/Podfile.lock",
				"${PODS_ROOT}/Manifest.lock",
			);
			name = "[CP] Check Pods Manifest.lock";
			outputFileListPaths = (
			);
			outputPaths = (
				"$(DERIVED_FILE_DIR)/Pods-StarSteadyLANSettingLabs-checkManifestLockResult.txt",
			);
			runOnlyForDeploymentPostprocessing = 0;
			shellPath = /bin/sh;
			shellScript = "diff \"${PODS_PODFILE_DIR_PATH}/Podfile.lock\" \"${PODS_ROOT}/Manifest.lock\" > /dev/null\nif [ $? != 0 ] ; then\n    # print error to STDERR\n    echo \"error: The sandbox is not in sync with the Podfile.lock. Run 'pod install' or update your CocoaPods installation.\" >&2\n    exit 1\nfi\n# This output is used by Xcode 'outputs' to avoid re-running this script phase.\necho \"SUCCESS\" > \"${SCRIPT_OUTPUT_FILE_0}\"\n";
			showEnvVarsInLog = 0;
		};
/* End PBXShellScriptBuildPhase section */

/* Begin PBXSourcesBuildPhase section */
		EF823A902417662500170AF4 /* Sources */ = {
			isa = PBXSourcesBuildPhase;
			buildActionMask = 2147483647;
			files = (
				EF823A9A2417662500170AF4 /* ViewController.swift in Sources */,
				EF823AAD241767EC00170AF4 /* CommunicationResult.swift in Sources */,
				EF823A982417662500170AF4 /* AppDelegate.swift in Sources */,
				EF823AAB241767DA00170AF4 /* Communication.swift in Sources */,
			);
			runOnlyForDeploymentPostprocessing = 0;
		};
/* End PBXSourcesBuildPhase section */

/* Begin PBXVariantGroup section */
		EF823A9B2417662500170AF4 /* Main.storyboard */ = {
			isa = PBXVariantGroup;
			children = (
				EF823A9C2417662500170AF4 /* Base */,
			);
			name = Main.storyboard;
			sourceTree = "<group>";
		};
		EF823AA02417662600170AF4 /* LaunchScreen.storyboard */ = {
			isa = PBXVariantGroup;
			children = (
				EF823AA12417662600170AF4 /* Base */,
			);
			name = LaunchScreen.storyboard;
			sourceTree = "<group>";
		};
/* End PBXVariantGroup section */

/* Begin XCBuildConfiguration section */
		EF823AA42417662600170AF4 /* Debug */ = {
			isa = XCBuildConfiguration;
			buildSettings = {
				ALWAYS_SEARCH_USER_PATHS = NO;
				CLANG_ANALYZER_NONNULL = YES;
				CLANG_ANALYZER_NUMBER_OBJECT_CONVERSION = YES_AGGRESSIVE;
				CLANG_CXX_LANGUAGE_STANDARD = "gnu++14";
				CLANG_CXX_LIBRARY = "libc++";
				CLANG_ENABLE_MODULES = YES;
				CLANG_ENABLE_OBJC_ARC = YES;
				CLANG_ENABLE_OBJC_WEAK = YES;
				CLANG_WARN_BLOCK_CAPTURE_AUTORELEASING = YES;
				CLANG_WARN_BOOL_CONVERSION = YES;
				CLANG_WARN_COMMA = YES;
				CLANG_WARN_CONSTANT_CONVERSION = YES;
				CLANG_WARN_DEPRECATED_OBJC_IMPLEMENTATIONS = YES;
				CLANG_WARN_DIRECT_OBJC_ISA_USAGE = YES_ERROR;
				CLANG_WARN_DOCUMENTATION_COMMENTS = YES;
				CLANG_WARN_EMPTY_BODY = YES;
				CLANG_WARN_ENUM_CONVERSION = YES;
				CLANG_WARN_INFINITE_RECURSION = YES;
				CLANG_WARN_INT_CONVERSION = YES;
				CLANG_WARN_NON_LITERAL_NULL_CONVERSION = YES;
				CLANG_WARN_OBJC_IMPLICIT_RETAIN_SELF = YES;
				CLANG_WARN_OBJC_LITERAL_CONVERSION = YES;
				CLANG_WARN_OBJC_ROOT_CLASS = YES_ERROR;
				CLANG_WARN_RANGE_LOOP_ANALYSIS = YES;
				CLANG_WARN_STRICT_PROTOTYPES = YES;
				CLANG_WARN_SUSPICIOUS_MOVE = YES;
				CLANG_WARN_UNGUARDED_AVAILABILITY = YES_AGGRESSIVE;
				CLANG_WARN_UNREACHABLE_CODE = YES;
				CLANG_WARN__DUPLICATE_METHOD_MATCH = YES;
				CODE_SIGN_IDENTITY = "iPhone Developer";
				COPY_PHASE_STRIP = NO;
				DEBUG_INFORMATION_FORMAT = dwarf;
				ENABLE_STRICT_OBJC_MSGSEND = YES;
				ENABLE_TESTABILITY = YES;
				GCC_C_LANGUAGE_STANDARD = gnu11;
				GCC_DYNAMIC_NO_PIC = NO;
				GCC_NO_COMMON_BLOCKS = YES;
				GCC_OPTIMIZATION_LEVEL = 0;
				GCC_PREPROCESSOR_DEFINITIONS = (
					"DEBUG=1",
					"$(inherited)",
				);
				GCC_WARN_64_TO_32_BIT_CONVERSION = YES;
				GCC_WARN_ABOUT_RETURN_TYPE = YES_ERROR;
				GCC_WARN_UNDECLARED_SELECTOR = YES;
				GCC_WARN_UNINITIALIZED_AUTOS = YES_AGGRESSIVE;
				GCC_WARN_UNUSED_FUNCTION = YES;
				GCC_WARN_UNUSED_VARIABLE = YES;
				IPHONEOS_DEPLOYMENT_TARGET = 11.0;
				MTL_ENABLE_DEBUG_INFO = INCLUDE_SOURCE;
				MTL_FAST_MATH = YES;
				ONLY_ACTIVE_ARCH = YES;
				SDKROOT = iphoneos;
				SWIFT_ACTIVE_COMPILATION_CONDITIONS = DEBUG;
				SWIFT_OPTIMIZATION_LEVEL = "-Onone";
			};
			name = Debug;
		};
		EF823AA52417662600170AF4 /* Release */ = {
			isa = XCBuildConfiguration;
			buildSettings = {
				ALWAYS_SEARCH_USER_PATHS = NO;
				CLANG_ANALYZER_NONNULL = YES;
				CLANG_ANALYZER_NUMBER_OBJECT_CONVERSION = YES_AGGRESSIVE;
				CLANG_CXX_LANGUAGE_STANDARD = "gnu++14";
				CLANG_CXX_LIBRARY = "libc++";
				CLANG_ENABLE_MODULES = YES;
				CLANG_ENABLE_OBJC_ARC = YES;
				CLANG_ENABLE_OBJC_WEAK = YES;
				CLANG_WARN_BLOCK_CAPTURE_AUTORELEASING = YES;
				CLANG_WARN_BOOL_CONVERSION = YES;
				CLANG_WARN_COMMA = YES;
				CLANG_WARN_CONSTANT_CONVERSION = YES;
				CLANG_WARN_DEPRECATED_OBJC_IMPLEMENTATIONS = YES;
				CLANG_WARN_DIRECT_OBJC_ISA_USAGE = YES_ERROR;
				CLANG_WARN_DOCUMENTATION_COMMENTS = YES;
				CLANG_WARN_EMPTY_BODY = YES;
				CLANG_WARN_ENUM_CONVERSION = YES;
				CLANG_WARN_INFINITE_RECURSION = YES;
				CLANG_WARN_INT_CONVERSION = YES;
				CLANG_WARN_NON_LITERAL_NULL_CONVERSION = YES;
				CLANG_WARN_OBJC_IMPLICIT_RETAIN_SELF = YES;
				CLANG_WARN_OBJC_LITERAL_CONVERSION = YES;
				CLANG_WARN_OBJC_ROOT_CLASS = YES_ERROR;
				CLANG_WARN_RANGE_LOOP_ANALYSIS = YES;
				CLANG_WARN_STRICT_PROTOTYPES = YES;
				CLANG_WARN_SUSPICIOUS_MOVE = YES;
				CLANG_WARN_UNGUARDED_AVAILABILITY = YES_AGGRESSIVE;
				CLANG_WARN_UNREACHABLE_CODE = YES;
				CLANG_WARN__DUPLICATE_METHOD_MATCH = YES;
				CODE_SIGN_IDENTITY = "iPhone Developer";
				COPY_PHASE_STRIP = NO;
				DEBUG_INFORMATION_FORMAT = "dwarf-with-dsym";
				ENABLE_NS_ASSERTIONS = NO;
				ENABLE_STRICT_OBJC_MSGSEND = YES;
				GCC_C_LANGUAGE_STANDARD = gnu11;
				GCC_NO_COMMON_BLOCKS = YES;
				GCC_WARN_64_TO_32_BIT_CONVERSION = YES;
				GCC_WARN_ABOUT_RETURN_TYPE = YES_ERROR;
				GCC_WARN_UNDECLARED_SELECTOR = YES;
				GCC_WARN_UNINITIALIZED_AUTOS = YES_AGGRESSIVE;
				GCC_WARN_UNUSED_FUNCTION = YES;
				GCC_WARN_UNUSED_VARIABLE = YES;
				IPHONEOS_DEPLOYMENT_TARGET = 11.0;
				MTL_ENABLE_DEBUG_INFO = NO;
				MTL_FAST_MATH = YES;
				SDKROOT = iphoneos;
				SWIFT_COMPILATION_MODE = wholemodule;
				SWIFT_OPTIMIZATION_LEVEL = "-O";
				VALIDATE_PRODUCT = YES;
			};
			name = Release;
		};
		EF823AA72417662600170AF4 /* Debug */ = {
			isa = XCBuildConfiguration;
			baseConfigurationReference = 25F6679FAC76DEC9172038DF /* Pods-StarSteadyLANSettingLabs.debug.xcconfig */;
			buildSettings = {
				ASSETCATALOG_COMPILER_APPICON_NAME = AppIcon;
				CODE_SIGN_STYLE = Automatic;
				CURRENT_PROJECT_VERSION = 2;
				DEVELOPMENT_TEAM = "";
				INFOPLIST_FILE = StarSteadyLANSettingLabs/Info.plist;
				LD_RUNPATH_SEARCH_PATHS = (
					"$(inherited)",
					"@executable_path/Frameworks",
				);
				MARKETING_VERSION = 0.2.0;
				PRODUCT_BUNDLE_IDENTIFIER = "jp.star-m.labs.StarSteadyLANSetting.StarSteadyLANSetting";
				PRODUCT_NAME = "$(TARGET_NAME)";
				SWIFT_OBJC_BRIDGING_HEADER = "$(SRCROOT)/$(PROJECT)/StarIO-Bridging-Header.h";
				SWIFT_VERSION = 4.2;
				TARGETED_DEVICE_FAMILY = "1,2";
			};
			name = Debug;
		};
		EF823AA82417662600170AF4 /* Release */ = {
			isa = XCBuildConfiguration;
			baseConfigurationReference = 7541943AEAC0E94057065DD3 /* Pods-StarSteadyLANSettingLabs.release.xcconfig */;
			buildSettings = {
				ASSETCATALOG_COMPILER_APPICON_NAME = AppIcon;
				CODE_SIGN_STYLE = Automatic;
				CURRENT_PROJECT_VERSION = 2;
				DEVELOPMENT_TEAM = "";
				INFOPLIST_FILE = StarSteadyLANSettingLabs/Info.plist;
				LD_RUNPATH_SEARCH_PATHS = (
					"$(inherited)",
					"@executable_path/Frameworks",
				);
				MARKETING_VERSION = 0.2.0;
				PRODUCT_BUNDLE_IDENTIFIER = "jp.star-m.labs.StarSteadyLANSetting.StarSteadyLANSetting";
				PRODUCT_NAME = "$(TARGET_NAME)";
				SWIFT_OBJC_BRIDGING_HEADER = "$(SRCROOT)/$(PROJECT)/StarIO-Bridging-Header.h";
				SWIFT_VERSION = 4.2;
				TARGETED_DEVICE_FAMILY = "1,2";
			};
			name = Release;
		};
/* End XCBuildConfiguration section */

/* Begin XCConfigurationList section */
		EF823A8F2417662500170AF4 /* Build configuration list for PBXProject "StarSteadyLANSettingLabs" */ = {
			isa = XCConfigurationList;
			buildConfigurations = (
				EF823AA42417662600170AF4 /* Debug */,
				EF823AA52417662600170AF4 /* Release */,
			);
			defaultConfigurationIsVisible = 0;
			defaultConfigurationName = Release;
		};
		EF823AA62417662600170AF4 /* Build configuration list for PBXNativeTarget "StarSteadyLANSettingLabs" */ = {
			isa = XCConfigurationList;
			buildConfigurations = (
				EF823AA72417662600170AF4 /* Debug */,
				EF823AA82417662600170AF4 /* Release */,
			);
			defaultConfigurationIsVisible = 0;
			defaultConfigurationName = Release;
		};
/* End XCConfigurationList section */
	};
	rootObject = EF823A8C2417662500170AF4 /* Project object */;
}
